
Microsoft Visual Studio Solution File, Format Version 12.00
# Visual Studio 15
VisualStudioVersion = 15.0.28010.2046
MinimumVisualStudioVersion = 10.0.40219.1
Project("{FAE04EC0-301F-11D3-BF4B-00C04F79EFBC}") = "task 6", "task 6\task 6.csproj", "{8B45061C-3AD7-4BF1-81CB-735CB8F4D296}"
EndProject
Global
	GlobalSection(SolutionConfigurationPlatforms) = preSolution
		Debug|Any CPU = Debug|Any CPU
		Release|Any CPU = Release|Any CPU
	EndGlobalSection
	GlobalSection(ProjectConfigurationPlatforms) = postSolution
		{8B45061C-3AD7-4BF1-81CB-735CB8F4D296}.Debug|Any CPU.ActiveCfg = Debug|Any CPU
		{8B45061C-3AD7-4BF1-81CB-735CB8F4D296}.Debug|Any CPU.Build.0 = Debug|Any CPU
		{8B45061C-3AD7-4BF1-81CB-735CB8F4D296}.Release|Any CPU.ActiveCfg = Release|Any CPU
		{8B45061C-3AD7-4BF1-81CB-735CB8F4D296}.Release|Any CPU.Build.0 = Release|Any CPU
	EndGlobalSection
	GlobalSection(SolutionProperties) = preSolution
		HideSolutionNode = FALSE
	EndGlobalSection
	GlobalSection(ExtensibilityGlobals) = postSolution
		SolutionGuid = {40213C41-DB9E-4250-B5CB-ED373882E69A}
	EndGlobalSection
EndGlobal
